
Microsoft Visual Studio Solution File, Format Version 12.00
# Visual Studio Version 16
VisualStudioVersion = 25.0.1704.3
MinimumVisualStudioVersion = 10.0.40219.1
Project("{2150E333-8FDC-42A3-9474-1A3956D46DE8}") = "Microservices", "Microservices", "{49097D12-4F4A-4D5A-B441-48A2AB3419D2}"
EndProject
Project("{FAE04EC0-301F-11D3-BF4B-00C04F79EFBC}") = "OrderWebApi", "Microservices\OrderWebApi\OrderWebApi.csproj", "{09710EB2-092F-4A70-80B9-0A926DBCAB7A}"
EndProject
Project("{FAE04EC0-301F-11D3-BF4B-00C04F79EFBC}") = "CustomerWebApi", "Microservices\CustomerWebApi\CustomerWebApi.csproj", "{6E26B5BF-2DF5-473B-8ADF-6BB6AB48A19E}"
EndProject
Project("{E53339B2-1760-4266-BCC7-CA923CBCF16C}") = "docker-compose", "docker-compose.dcproj", "{DEA63F7F-6550-468E-BFB4-860A9755C71B}"
EndProject
Global
	GlobalSection(SolutionConfigurationPlatforms) = preSolution
		Debug|Any CPU = Debug|Any CPU
		Release|Any CPU = Release|Any CPU
	EndGlobalSection
	GlobalSection(ProjectConfigurationPlatforms) = postSolution
		{09710EB2-092F-4A70-80B9-0A926DBCAB7A}.Debug|Any CPU.ActiveCfg = Debug|Any CPU
		{09710EB2-092F-4A70-80B9-0A926DBCAB7A}.Debug|Any CPU.Build.0 = Debug|Any CPU
		{09710EB2-092F-4A70-80B9-0A926DBCAB7A}.Release|Any CPU.ActiveCfg = Release|Any CPU
		{09710EB2-092F-4A70-80B9-0A926DBCAB7A}.Release|Any CPU.Build.0 = Release|Any CPU
		{6E26B5BF-2DF5-473B-8ADF-6BB6AB48A19E}.Debug|Any CPU.ActiveCfg = Debug|Any CPU
		{6E26B5BF-2DF5-473B-8ADF-6BB6AB48A19E}.Debug|Any CPU.Build.0 = Debug|Any CPU
		{6E26B5BF-2DF5-473B-8ADF-6BB6AB48A19E}.Release|Any CPU.ActiveCfg = Release|Any CPU
		{6E26B5BF-2DF5-473B-8ADF-6BB6AB48A19E}.Release|Any CPU.Build.0 = Release|Any CPU
		{DEA63F7F-6550-468E-BFB4-860A9755C71B}.Debug|Any CPU.ActiveCfg = Debug|Any CPU
		{DEA63F7F-6550-468E-BFB4-860A9755C71B}.Debug|Any CPU.Build.0 = Debug|Any CPU
		{DEA63F7F-6550-468E-BFB4-860A9755C71B}.Release|Any CPU.ActiveCfg = Release|Any CPU
		{DEA63F7F-6550-468E-BFB4-860A9755C71B}.Release|Any CPU.Build.0 = Release|Any CPU
	EndGlobalSection
	GlobalSection(SolutionProperties) = preSolution
		HideSolutionNode = FALSE
	EndGlobalSection
	GlobalSection(ExtensibilityGlobals) = postSolution
		SolutionGuid = {5B211369-EEC6-4F4B-989C-00D68D484409}
	EndGlobalSection
	GlobalSection(NestedProjects) = preSolution
		{09710EB2-092F-4A70-80B9-0A926DBCAB7A} = {49097D12-4F4A-4D5A-B441-48A2AB3419D2}
		{6E26B5BF-2DF5-473B-8ADF-6BB6AB48A19E} = {49097D12-4F4A-4D5A-B441-48A2AB3419D2}
	EndGlobalSection
EndGlobal
